<Solution>
  <Folder Name="/src/">
    <Project Path="src/UmbracoVisualEditor/UmbracoVisualEditor.csproj" />
  </Folder>
  <Folder Name="/tests/">
    <Project Path="tests/UmbracoVisualEditor.Tests/UmbracoVisualEditor.Tests.csproj" />
  </Folder>
  <Project Path="Umbraco Visual Editor.Compat Site/Umbraco Visual Editor.Compat Site.csproj" />
  <Project Path="Umbraco Visual Editor.Test Site/Umbraco Visual Editor.Test Site.csproj" />
</Solution>
